// !$*UTF8*$!
{
	archiveVersion = 1;
	classes = {
	};
	objectVersion = 50;
	objects = {

/* Begin PBXBuildFile section */
		044206DB24B42B4900E372C6 /* LQPointModel.m in Sources */ = {isa = PBXBuildFile; fileRef = 044206DA24B42B4900E372C6 /* LQPointModel.m */; };
		044D408324B33E4900D49E0E /* LQDijkstraTool.m in Sources */ = {isa = PBXBuildFile; fileRef = 044D408224B33E4800D49E0E /* LQDijkstraTool.m */; };
		044D408924B3415D00D49E0E /* LQResultViewController.m in Sources */ = {isa = PBXBuildFile; fileRef = 044D408824B3415D00D49E0E /* LQResultViewController.m */; };
		044D408C24B343D100D49E0E /* LQDataView.m in Sources */ = {isa = PBXBuildFile; fileRef = 044D408B24B343D100D49E0E /* LQDataView.m */; };
		04F6090524B2BD4E00B4D37B /* AppDelegate.m in Sources */ = {isa = PBXBuildFile; fileRef = 04F6090424B2BD4E00B4D37B /* AppDelegate.m */; };
		04F6090824B2BD4E00B4D37B /* SceneDelegate.m in Sources */ = {isa = PBXBuildFile; fileRef = 04F6090724B2BD4E00B4D37B /* SceneDelegate.m */; };
		04F6090B24B2BD4E00B4D37B /* ViewController.m in Sources */ = {isa = PBXBuildFile; fileRef = 04F6090A24B2BD4E00B4D37B /* ViewController.m */; };
		04F6090E24B2BD4E00B4D37B /* Main.storyboard in Resources */ = {isa = PBXBuildFile; fileRef = 04F6090C24B2BD4E00B4D37B /* Main.storyboard */; };
		04F6091024B2BD5100B4D37B /* Assets.xcassets in Resources */ = {isa = PBXBuildFile; fileRef = 04F6090F24B2BD5100B4D37B /* Assets.xcassets */; };
		04F6091324B2BD5100B4D37B /* LaunchScreen.storyboard in Resources */ = {isa = PBXBuildFile; fileRef = 04F6091124B2BD5100B4D37B /* LaunchScreen.storyboard */; };
		04F6091624B2BD5100B4D37B /* main.m in Sources */ = {isa = PBXBuildFile; fileRef = 04F6091524B2BD5100B4D37B /* main.m */; };
		04F6092024B2BD5100B4D37B /* DijkstraTests.m in Sources */ = {isa = PBXBuildFile; fileRef = 04F6091F24B2BD5100B4D37B /* DijkstraTests.m */; };
		04F6092B24B2BD5100B4D37B /* DijkstraUITests.m in Sources */ = {isa = PBXBuildFile; fileRef = 04F6092A24B2BD5100B4D37B /* DijkstraUITests.m */; };
		04F6093A24B2CB2C00B4D37B /* LQPathModel.m in Sources */ = {isa = PBXBuildFile; fileRef = 04F6093924B2CB2C00B4D37B /* LQPathModel.m */; };
/* End PBXBuildFile section */

/* Begin PBXContainerItemProxy section */
		04F6091C24B2BD5100B4D37B /* PBXContainerItemProxy */ = {
			isa = PBXContainerItemProxy;
			containerPortal = 04F608F824B2BD4D00B4D37B /* Project object */;
			proxyType = 1;
			remoteGlobalIDString = 04F608FF24B2BD4E00B4D37B;
			remoteInfo = Dijkstra;
		};
		04F6092724B2BD5100B4D37B /* PBXContainerItemProxy */ = {
			isa = PBXContainerItemProxy;
			containerPortal = 04F608F824B2BD4D00B4D37B /* Project object */;
			proxyType = 1;
			remoteGlobalIDString = 04F608FF24B2BD4E00B4D37B;
			remoteInfo = Dijkstra;
		};
/* End PBXContainerItemProxy section */

/* Begin PBXFileReference section */
		044206D824B41C6C00E372C6 /* Dijkstra.entitlements */ = {isa = PBXFileReference; lastKnownFileType = text.plist.entitlements; path = Dijkstra.entitlements; sourceTree = "<group>"; };
		044206D924B42B4900E372C6 /* LQPointModel.h */ = {isa = PBXFileReference; lastKnownFileType = sourcecode.c.h; path = LQPointModel.h; sourceTree = "<group>"; };
		044206DA24B42B4900E372C6 /* LQPointModel.m */ = {isa = PBXFileReference; lastKnownFileType = sourcecode.c.objc; path = LQPointModel.m; sourceTree = "<group>"; };
		044D408124B33E4800D49E0E /* LQDijkstraTool.h */ = {isa = PBXFileReference; lastKnownFileType = sourcecode.c.h; path = LQDijkstraTool.h; sourceTree = "<group>"; };
		044D408224B33E4800D49E0E /* LQDijkstraTool.m */ = {isa = PBXFileReference; lastKnownFileType = sourcecode.c.objc; path = LQDijkstraTool.m; sourceTree = "<group>"; };
		044D408724B3415D00D49E0E /* LQResultViewController.h */ = {isa = PBXFileReference; lastKnownFileType = sourcecode.c.h; path = LQResultViewController.h; sourceTree = "<group>"; };
		044D408824B3415D00D49E0E /* LQResultViewController.m */ = {isa = PBXFileReference; lastKnownFileType = sourcecode.c.objc; path = LQResultViewController.m; sourceTree = "<group>"; };
		044D408A24B343D100D49E0E /* LQDataView.h */ = {isa = PBXFileReference; lastKnownFileType = sourcecode.c.h; path = LQDataView.h; sourceTree = "<group>"; };
		044D408B24B343D100D49E0E /* LQDataView.m */ = {isa = PBXFileReference; lastKnownFileType = sourcecode.c.objc; path = LQDataView.m; sourceTree = "<group>"; };
		04F6090024B2BD4E00B4D37B /* Dijkstra.app */ = {isa = PBXFileReference; explicitFileType = wrapper.application; includeInIndex = 0; path = Dijkstra.app; sourceTree = BUILT_PRODUCTS_DIR; };
		04F6090324B2BD4E00B4D37B /* AppDelegate.h */ = {isa = PBXFileReference; lastKnownFileType = sourcecode.c.h; path = AppDelegate.h; sourceTree = "<group>"; };
		04F6090424B2BD4E00B4D37B /* AppDelegate.m */ = {isa = PBXFileReference; lastKnownFileType = sourcecode.c.objc; path = AppDelegate.m; sourceTree = "<group>"; };
		04F6090624B2BD4E00B4D37B /* SceneDelegate.h */ = {isa = PBXFileReference; lastKnownFileType = sourcecode.c.h; path = SceneDelegate.h; sourceTree = "<group>"; };
		04F6090724B2BD4E00B4D37B /* SceneDelegate.m */ = {isa = PBXFileReference; lastKnownFileType = sourcecode.c.objc; path = SceneDelegate.m; sourceTree = "<group>"; };
		04F6090924B2BD4E00B4D37B /* ViewController.h */ = {isa = PBXFileReference; lastKnownFileType = sourcecode.c.h; path = ViewController.h; sourceTree = "<group>"; };
		04F6090A24B2BD4E00B4D37B /* ViewController.m */ = {isa = PBXFileReference; lastKnownFileType = sourcecode.c.objc; path = ViewController.m; sourceTree = "<group>"; };
		04F6090D24B2BD4E00B4D37B /* Base */ = {isa = PBXFileReference; lastKnownFileType = file.storyboard; name = Base; path = Base.lproj/Main.storyboard; sourceTree = "<group>"; };
		04F6090F24B2BD5100B4D37B /* Assets.xcassets */ = {isa = PBXFileReference; lastKnownFileType = folder.assetcatalog; path = Assets.xcassets; sourceTree = "<group>"; };
		04F6091224B2BD5100B4D37B /* Base */ = {isa = PBXFileReference; lastKnownFileType = file.storyboard; name = Base; path = Base.lproj/LaunchScreen.storyboard; sourceTree = "<group>"; };
		04F6091424B2BD5100B4D37B /* Info.plist */ = {isa = PBXFileReference; lastKnownFileType = text.plist.xml; path = Info.plist; sourceTree = "<group>"; };
		04F6091524B2BD5100B4D37B /* main.m */ = {isa = PBXFileReference; lastKnownFileType = sourcecode.c.objc; path = main.m; sourceTree = "<group>"; };
		04F6091B24B2BD5100B4D37B /* DijkstraTests.xctest */ = {isa = PBXFileReference; explicitFileType = wrapper.cfbundle; includeInIndex = 0; path = DijkstraTests.xctest; sourceTree = BUILT_PRODUCTS_DIR; };
		04F6091F24B2BD5100B4D37B /* DijkstraTests.m */ = {isa = PBXFileReference; lastKnownFileType = sourcecode.c.objc; path = DijkstraTests.m; sourceTree = "<group>"; };
		04F6092124B2BD5100B4D37B /* Info.plist */ = {isa = PBXFileReference; lastKnownFileType = text.plist.xml; path = Info.plist; sourceTree = "<group>"; };
		04F6092624B2BD5100B4D37B /* DijkstraUITests.xctest */ = {isa = PBXFileReference; explicitFileType = wrapper.cfbundle; includeInIndex = 0; path = DijkstraUITests.xctest; sourceTree = BUILT_PRODUCTS_DIR; };
		04F6092A24B2BD5100B4D37B /* DijkstraUITests.m */ = {isa = PBXFileReference; lastKnownFileType = sourcecode.c.objc; path = DijkstraUITests.m; sourceTree = "<group>"; };
		04F6092C24B2BD5100B4D37B /* Info.plist */ = {isa = PBXFileReference; lastKnownFileType = text.plist.xml; path = Info.plist; sourceTree = "<group>"; };
		04F6093824B2CB2C00B4D37B /* LQPathModel.h */ = {isa = PBXFileReference; lastKnownFileType = sourcecode.c.h; path = LQPathModel.h; sourceTree = "<group>"; };
		04F6093924B2CB2C00B4D37B /* LQPathModel.m */ = {isa = PBXFileReference; lastKnownFileType = sourcecode.c.objc; path = LQPathModel.m; sourceTree = "<group>"; };
/* End PBXFileReference section */

/* Begin PBXFrameworksBuildPhase section */
		04F608FD24B2BD4E00B4D37B /* Frameworks */ = {
			isa = PBXFrameworksBuildPhase;
			buildActionMask = 2147483647;
			files = (
			);
			runOnlyForDeploymentPostprocessing = 0;
		};
		04F6091824B2BD5100B4D37B /* Frameworks */ = {
			isa = PBXFrameworksBuildPhase;
			buildActionMask = 2147483647;
			files = (
			);
			runOnlyForDeploymentPostprocessing = 0;
		};
		04F6092324B2BD5100B4D37B /* Frameworks */ = {
			isa = PBXFrameworksBuildPhase;
			buildActionMask = 2147483647;
			files = (
			);
			runOnlyForDeploymentPostprocessing = 0;
		};
/* End PBXFrameworksBuildPhase section */

/* Begin PBXGroup section */
		04F608F724B2BD4D00B4D37B = {
			isa = PBXGroup;
			children = (
				04F6090224B2BD4E00B4D37B /* Dijkstra */,
				04F6091E24B2BD5100B4D37B /* DijkstraTests */,
				04F6092924B2BD5100B4D37B /* DijkstraUITests */,
				04F6090124B2BD4E00B4D37B /* Products */,
			);
			sourceTree = "<group>";
		};
		04F6090124B2BD4E00B4D37B /* Products */ = {
			isa = PBXGroup;
			children = (
				04F6090024B2BD4E00B4D37B /* Dijkstra.app */,
				04F6091B24B2BD5100B4D37B /* DijkstraTests.xctest */,
				04F6092624B2BD5100B4D37B /* DijkstraUITests.xctest */,
			);
			name = Products;
			sourceTree = "<group>";
		};
		04F6090224B2BD4E00B4D37B /* Dijkstra */ = {
			isa = PBXGroup;
			children = (
				044206D824B41C6C00E372C6 /* Dijkstra.entitlements */,
				04F6090324B2BD4E00B4D37B /* AppDelegate.h */,
				04F6090424B2BD4E00B4D37B /* AppDelegate.m */,
				04F6090624B2BD4E00B4D37B /* SceneDelegate.h */,
				04F6090724B2BD4E00B4D37B /* SceneDelegate.m */,
				04F6090924B2BD4E00B4D37B /* ViewController.h */,
				04F6090A24B2BD4E00B4D37B /* ViewController.m */,
				044D408724B3415D00D49E0E /* LQResultViewController.h */,
				044D408824B3415D00D49E0E /* LQResultViewController.m */,
				04F6090C24B2BD4E00B4D37B /* Main.storyboard */,
				04F6090F24B2BD5100B4D37B /* Assets.xcassets */,
				04F6091124B2BD5100B4D37B /* LaunchScreen.storyboard */,
				04F6091424B2BD5100B4D37B /* Info.plist */,
				04F6091524B2BD5100B4D37B /* main.m */,
				04F6093824B2CB2C00B4D37B /* LQPathModel.h */,
				04F6093924B2CB2C00B4D37B /* LQPathModel.m */,
				044D408124B33E4800D49E0E /* LQDijkstraTool.h */,
				044D408224B33E4800D49E0E /* LQDijkstraTool.m */,
				044D408A24B343D100D49E0E /* LQDataView.h */,
				044D408B24B343D100D49E0E /* LQDataView.m */,
				044206D924B42B4900E372C6 /* LQPointModel.h */,
				044206DA24B42B4900E372C6 /* LQPointModel.m */,
			);
			path = Dijkstra;
			sourceTree = "<group>";
		};
		04F6091E24B2BD5100B4D37B /* DijkstraTests */ = {
			isa = PBXGroup;
			children = (
				04F6091F24B2BD5100B4D37B /* DijkstraTests.m */,
				04F6092124B2BD5100B4D37B /* Info.plist */,
			);
			path = DijkstraTests;
			sourceTree = "<group>";
		};
		04F6092924B2BD5100B4D37B /* DijkstraUITests */ = {
			isa = PBXGroup;
			children = (
				04F6092A24B2BD5100B4D37B /* DijkstraUITests.m */,
				04F6092C24B2BD5100B4D37B /* Info.plist */,
			);
			path = DijkstraUITests;
			sourceTree = "<group>";
		};
/* End PBXGroup section */

/* Begin PBXNativeTarget section */
		04F608FF24B2BD4E00B4D37B /* Dijkstra */ = {
			isa = PBXNativeTarget;
			buildConfigurationList = 04F6092F24B2BD5100B4D37B /* Build configuration list for PBXNativeTarget "Dijkstra" */;
			buildPhases = (
				04F608FC24B2BD4E00B4D37B /* Sources */,
				04F608FD24B2BD4E00B4D37B /* Frameworks */,
				04F608FE24B2BD4E00B4D37B /* Resources */,
			);
			buildRules = (
			);
			dependencies = (
			);
			name = Dijkstra;
			productName = Dijkstra;
			productReference = 04F6090024B2BD4E00B4D37B /* Dijkstra.app */;
			productType = "com.apple.product-type.application";
		};
		04F6091A24B2BD5100B4D37B /* DijkstraTests */ = {
			isa = PBXNativeTarget;
			buildConfigurationList = 04F6093224B2BD5100B4D37B /* Build configuration list for PBXNativeTarget "DijkstraTests" */;
			buildPhases = (
				04F6091724B2BD5100B4D37B /* Sources */,
				04F6091824B2BD5100B4D37B /* Frameworks */,
				04F6091924B2BD5100B4D37B /* Resources */,
			);
			buildRules = (
			);
			dependencies = (
				04F6091D24B2BD5100B4D37B /* PBXTargetDependency */,
			);
			name = DijkstraTests;
			productName = DijkstraTests;
			productReference = 04F6091B24B2BD5100B4D37B /* DijkstraTests.xctest */;
			productType = "com.apple.product-type.bundle.unit-test";
		};
		04F6092524B2BD5100B4D37B /* DijkstraUITests */ = {
			isa = PBXNativeTarget;
			buildConfigurationList = 04F6093524B2BD5100B4D37B /* Build configuration list for PBXNativeTarget "DijkstraUITests" */;
			buildPhases = (
				04F6092224B2BD5100B4D37B /* Sources */,
				04F6092324B2BD5100B4D37B /* Frameworks */,
				04F6092424B2BD5100B4D37B /* Resources */,
			);
			buildRules = (
			);
			dependencies = (
				04F6092824B2BD5100B4D37B /* PBXTargetDependency */,
			);
			name = DijkstraUITests;
			productName = DijkstraUITests;
			productReference = 04F6092624B2BD5100B4D37B /* DijkstraUITests.xctest */;
			productType = "com.apple.product-type.bundle.ui-testing";
		};
/* End PBXNativeTarget section */

/* Begin PBXProject section */
		04F608F824B2BD4D00B4D37B /* Project object */ = {
			isa = PBXProject;
			attributes = {
				LastUpgradeCheck = 1150;
				ORGANIZATIONNAME = LQ;
				TargetAttributes = {
					04F608FF24B2BD4E00B4D37B = {
						CreatedOnToolsVersion = 11.5;
					};
					04F6091A24B2BD5100B4D37B = {
						CreatedOnToolsVersion = 11.5;
						TestTargetID = 04F608FF24B2BD4E00B4D37B;
					};
					04F6092524B2BD5100B4D37B = {
						CreatedOnToolsVersion = 11.5;
						TestTargetID = 04F608FF24B2BD4E00B4D37B;
					};
				};
			};
			buildConfigurationList = 04F608FB24B2BD4D00B4D37B /* Build configuration list for PBXProject "Dijkstra" */;
			compatibilityVersion = "Xcode 9.3";
			developmentRegion = en;
			hasScannedForEncodings = 0;
			knownRegions = (
				en,
				Base,
			);
			mainGroup = 04F608F724B2BD4D00B4D37B;
			productRefGroup = 04F6090124B2BD4E00B4D37B /* Products */;
			projectDirPath = "";
			projectRoot = "";
			targets = (
				04F608FF24B2BD4E00B4D37B /* Dijkstra */,
				04F6091A24B2BD5100B4D37B /* DijkstraTests */,
				04F6092524B2BD5100B4D37B /* DijkstraUITests */,
			);
		};
/* End PBXProject section */

/* Begin PBXResourcesBuildPhase section */
		04F608FE24B2BD4E00B4D37B /* Resources */ = {
			isa = PBXResourcesBuildPhase;
			buildActionMask = 2147483647;
			files = (
				04F6091324B2BD5100B4D37B /* LaunchScreen.storyboard in Resources */,
				04F6091024B2BD5100B4D37B /* Assets.xcassets in Resources */,
				04F6090E24B2BD4E00B4D37B /* Main.storyboard in Resources */,
			);
			runOnlyForDeploymentPostprocessing = 0;
		};
		04F6091924B2BD5100B4D37B /* Resources */ = {
			isa = PBXResourcesBuildPhase;
			buildActionMask = 2147483647;
			files = (
			);
			runOnlyForDeploymentPostprocessing = 0;
		};
		04F6092424B2BD5100B4D37B /* Resources */ = {
			isa = PBXResourcesBuildPhase;
			buildActionMask = 2147483647;
			files = (
			);
			runOnlyForDeploymentPostprocessing = 0;
		};
/* End PBXResourcesBuildPhase section */

/* Begin PBXSourcesBuildPhase section */
		04F608FC24B2BD4E00B4D37B /* Sources */ = {
			isa = PBXSourcesBuildPhase;
			buildActionMask = 2147483647;
			files = (
				04F6090B24B2BD4E00B4D37B /* ViewController.m in Sources */,
				044D408C24B343D100D49E0E /* LQDataView.m in Sources */,
				04F6090524B2BD4E00B4D37B /* AppDelegate.m in Sources */,
				044206DB24B42B4900E372C6 /* LQPointModel.m in Sources */,
				04F6093A24B2CB2C00B4D37B /* LQPathModel.m in Sources */,
				04F6091624B2BD5100B4D37B /* main.m in Sources */,
				04F6090824B2BD4E00B4D37B /* SceneDelegate.m in Sources */,
				044D408324B33E4900D49E0E /* LQDijkstraTool.m in Sources */,
				044D408924B3415D00D49E0E /* LQResultViewController.m in Sources */,
			);
			runOnlyForDeploymentPostprocessing = 0;
		};
		04F6091724B2BD5100B4D37B /* Sources */ = {
			isa = PBXSourcesBuildPhase;
			buildActionMask = 2147483647;
			files = (
				04F6092024B2BD5100B4D37B /* DijkstraTests.m in Sources */,
			);
			runOnlyForDeploymentPostprocessing = 0;
		};
		04F6092224B2BD5100B4D37B /* Sources */ = {
			isa = PBXSourcesBuildPhase;
			buildActionMask = 2147483647;
			files = (
				04F6092B24B2BD5100B4D37B /* DijkstraUITests.m in Sources */,
			);
			runOnlyForDeploymentPostprocessing = 0;
		};
/* End PBXSourcesBuildPhase section */

/* Begin PBXTargetDependency section */
		04F6091D24B2BD5100B4D37B /* PBXTargetDependency */ = {
			isa = PBXTargetDependency;
			target = 04F608FF24B2BD4E00B4D37B /* Dijkstra */;
			targetProxy = 04F6091C24B2BD5100B4D37B /* PBXContainerItemProxy */;
		};
		04F6092824B2BD5100B4D37B /* PBXTargetDependency */ = {
			isa = PBXTargetDependency;
			target = 04F608FF24B2BD4E00B4D37B /* Dijkstra */;
			targetProxy = 04F6092724B2BD5100B4D37B /* PBXContainerItemProxy */;
		};
/* End PBXTargetDependency section */

/* Begin PBXVariantGroup section */
		04F6090C24B2BD4E00B4D37B /* Main.storyboard */ = {
			isa = PBXVariantGroup;
			children = (
				04F6090D24B2BD4E00B4D37B /* Base */,
			);
			name = Main.storyboard;
			sourceTree = "<group>";
		};
		04F6091124B2BD5100B4D37B /* LaunchScreen.storyboard */ = {
			isa = PBXVariantGroup;
			children = (
				04F6091224B2BD5100B4D37B /* Base */,
			);
			name = LaunchScreen.storyboard;
			sourceTree = "<group>";
		};
/* End PBXVariantGroup section */

/* Begin XCBuildConfiguration section */
		04F6092D24B2BD5100B4D37B /* Debug */ = {
			isa = XCBuildConfiguration;
			buildSettings = {
				ALWAYS_SEARCH_USER_PATHS = NO;
				CLANG_ANALYZER_NONNULL = YES;
				CLANG_ANALYZER_NUMBER_OBJECT_CONVERSION = YES_AGGRESSIVE;
				CLANG_CXX_LANGUAGE_STANDARD = "gnu++14";
				CLANG_CXX_LIBRARY = "libc++";
				CLANG_ENABLE_MODULES = YES;
				CLANG_ENABLE_OBJC_ARC = YES;
				CLANG_ENABLE_OBJC_WEAK = YES;
				CLANG_WARN_BLOCK_CAPTURE_AUTORELEASING = YES;
				CLANG_WARN_BOOL_CONVERSION = YES;
				CLANG_WARN_COMMA = YES;
				CLANG_WARN_CONSTANT_CONVERSION = YES;
				CLANG_WARN_DEPRECATED_OBJC_IMPLEMENTATIONS = YES;
				CLANG_WARN_DIRECT_OBJC_ISA_USAGE = YES_ERROR;
				CLANG_WARN_DOCUMENTATION_COMMENTS = YES;
				CLANG_WARN_EMPTY_BODY = YES;
				CLANG_WARN_ENUM_CONVERSION = YES;
				CLANG_WARN_INFINITE_RECURSION = YES;
				CLANG_WARN_INT_CONVERSION = YES;
				CLANG_WARN_NON_LITERAL_NULL_CONVERSION = YES;
				CLANG_WARN_OBJC_IMPLICIT_RETAIN_SELF = YES;
				CLANG_WARN_OBJC_LITERAL_CONVERSION = YES;
				CLANG_WARN_OBJC_ROOT_CLASS = YES_ERROR;
				CLANG_WARN_RANGE_LOOP_ANALYSIS = YES;
				CLANG_WARN_STRICT_PROTOTYPES = YES;
				CLANG_WARN_SUSPICIOUS_MOVE = YES;
				CLANG_WARN_UNGUARDED_AVAILABILITY = YES_AGGRESSIVE;
				CLANG_WARN_UNREACHABLE_CODE = YES;
				CLANG_WARN__DUPLICATE_METHOD_MATCH = YES;
				COPY_PHASE_STRIP = NO;
				DEBUG_INFORMATION_FORMAT = dwarf;
				ENABLE_STRICT_OBJC_MSGSEND = YES;
				ENABLE_TESTABILITY = YES;
				GCC_C_LANGUAGE_STANDARD = gnu11;
				GCC_DYNAMIC_NO_PIC = NO;
				GCC_NO_COMMON_BLOCKS = YES;
				GCC_OPTIMIZATION_LEVEL = 0;
				GCC_PREPROCESSOR_DEFINITIONS = (
					"DEBUG=1",
					"$(inherited)",
				);
				GCC_WARN_64_TO_32_BIT_CONVERSION = YES;
				GCC_WARN_ABOUT_RETURN_TYPE = YES_ERROR;
				GCC_WARN_UNDECLARED_SELECTOR = YES;
				GCC_WARN_UNINITIALIZED_AUTOS = YES_AGGRESSIVE;
				GCC_WARN_UNUSED_FUNCTION = YES;
				GCC_WARN_UNUSED_VARIABLE = YES;
				IPHONEOS_DEPLOYMENT_TARGET = 13.5;
				MTL_ENABLE_DEBUG_INFO = INCLUDE_SOURCE;
				MTL_FAST_MATH = YES;
				ONLY_ACTIVE_ARCH = YES;
				SDKROOT = iphoneos;
			};
			name = Debug;
		};
		04F6092E24B2BD5100B4D37B /* Release */ = {
			isa = XCBuildConfiguration;
			buildSettings = {
				ALWAYS_SEARCH_USER_PATHS = NO;
				CLANG_ANALYZER_NONNULL = YES;
				CLANG_ANALYZER_NUMBER_OBJECT_CONVERSION = YES_AGGRESSIVE;
				CLANG_CXX_LANGUAGE_STANDARD = "gnu++14";
				CLANG_CXX_LIBRARY = "libc++";
				CLANG_ENABLE_MODULES = YES;
				CLANG_ENABLE_OBJC_ARC = YES;
				CLANG_ENABLE_OBJC_WEAK = YES;
				CLANG_WARN_BLOCK_CAPTURE_AUTORELEASING = YES;
				CLANG_WARN_BOOL_CONVERSION = YES;
				CLANG_WARN_COMMA = YES;
				CLANG_WARN_CONSTANT_CONVERSION = YES;
				CLANG_WARN_DEPRECATED_OBJC_IMPLEMENTATIONS = YES;
				CLANG_WARN_DIRECT_OBJC_ISA_USAGE = YES_ERROR;
				CLANG_WARN_DOCUMENTATION_COMMENTS = YES;
				CLANG_WARN_EMPTY_BODY = YES;
				CLANG_WARN_ENUM_CONVERSION = YES;
				CLANG_WARN_INFINITE_RECURSION = YES;
				CLANG_WARN_INT_CONVERSION = YES;
				CLANG_WARN_NON_LITERAL_NULL_CONVERSION = YES;
				CLANG_WARN_OBJC_IMPLICIT_RETAIN_SELF = YES;
				CLANG_WARN_OBJC_LITERAL_CONVERSION = YES;
				CLANG_WARN_OBJC_ROOT_CLASS = YES_ERROR;
				CLANG_WARN_RANGE_LOOP_ANALYSIS = YES;
				CLANG_WARN_STRICT_PROTOTYPES = YES;
				CLANG_WARN_SUSPICIOUS_MOVE = YES;
				CLANG_WARN_UNGUARDED_AVAILABILITY = YES_AGGRESSIVE;
				CLANG_WARN_UNREACHABLE_CODE = YES;
				CLANG_WARN__DUPLICATE_METHOD_MATCH = YES;
				COPY_PHASE_STRIP = NO;
				DEBUG_INFORMATION_FORMAT = "dwarf-with-dsym";
				ENABLE_NS_ASSERTIONS = NO;
				ENABLE_STRICT_OBJC_MSGSEND = YES;
				GCC_C_LANGUAGE_STANDARD = gnu11;
				GCC_NO_COMMON_BLOCKS = YES;
				GCC_WARN_64_TO_32_BIT_CONVERSION = YES;
				GCC_WARN_ABOUT_RETURN_TYPE = YES_ERROR;
				GCC_WARN_UNDECLARED_SELECTOR = YES;
				GCC_WARN_UNINITIALIZED_AUTOS = YES_AGGRESSIVE;
				GCC_WARN_UNUSED_FUNCTION = YES;
				GCC_WARN_UNUSED_VARIABLE = YES;
				IPHONEOS_DEPLOYMENT_TARGET = 13.5;
				MTL_ENABLE_DEBUG_INFO = NO;
				MTL_FAST_MATH = YES;
				SDKROOT = iphoneos;
				VALIDATE_PRODUCT = YES;
			};
			name = Release;
		};
		04F6093024B2BD5100B4D37B /* Debug */ = {
			isa = XCBuildConfiguration;
			buildSettings = {
				ASSETCATALOG_COMPILER_APPICON_NAME = AppIcon;
				CODE_SIGN_ENTITLEMENTS = Dijkstra/Dijkstra.entitlements;
				CODE_SIGN_STYLE = Automatic;
				INFOPLIST_FILE = Dijkstra/Info.plist;
				LD_RUNPATH_SEARCH_PATHS = (
					"$(inherited)",
					"@executable_path/Frameworks",
				);
				PRODUCT_BUNDLE_IDENTIFIER = LQ.Dijkstra;
				PRODUCT_NAME = "$(TARGET_NAME)";
				TARGETED_DEVICE_FAMILY = "1,2";
			};
			name = Debug;
		};
		04F6093124B2BD5100B4D37B /* Release */ = {
			isa = XCBuildConfiguration;
			buildSettings = {
				ASSETCATALOG_COMPILER_APPICON_NAME = AppIcon;
				CODE_SIGN_ENTITLEMENTS = Dijkstra/Dijkstra.entitlements;
				CODE_SIGN_STYLE = Automatic;
				INFOPLIST_FILE = Dijkstra/Info.plist;
				LD_RUNPATH_SEARCH_PATHS = (
					"$(inherited)",
					"@executable_path/Frameworks",
				);
				PRODUCT_BUNDLE_IDENTIFIER = LQ.Dijkstra;
				PRODUCT_NAME = "$(TARGET_NAME)";
				TARGETED_DEVICE_FAMILY = "1,2";
			};
			name = Release;
		};
		04F6093324B2BD5100B4D37B /* Debug */ = {
			isa = XCBuildConfiguration;
			buildSettings = {
				BUNDLE_LOADER = "$(TEST_HOST)";
				CODE_SIGN_STYLE = Automatic;
				INFOPLIST_FILE = DijkstraTests/Info.plist;
				IPHONEOS_DEPLOYMENT_TARGET = 13.5;
				LD_RUNPATH_SEARCH_PATHS = (
					"$(inherited)",
					"@executable_path/Frameworks",
					"@loader_path/Frameworks",
				);
				PRODUCT_BUNDLE_IDENTIFIER = LQ.DijkstraTests;
				PRODUCT_NAME = "$(TARGET_NAME)";
				TARGETED_DEVICE_FAMILY = "1,2";
				TEST_HOST = "$(BUILT_PRODUCTS_DIR)/Dijkstra.app/Dijkstra";
			};
			name = Debug;
		};
		04F6093424B2BD5100B4D37B /* Release */ = {
			isa = XCBuildConfiguration;
			buildSettings = {
				BUNDLE_LOADER = "$(TEST_HOST)";
				CODE_SIGN_STYLE = Automatic;
				INFOPLIST_FILE = DijkstraTests/Info.plist;
				IPHONEOS_DEPLOYMENT_TARGET = 13.5;
				LD_RUNPATH_SEARCH_PATHS = (
					"$(inherited)",
					"@executable_path/Frameworks",
					"@loader_path/Frameworks",
				);
				PRODUCT_BUNDLE_IDENTIFIER = LQ.DijkstraTests;
				PRODUCT_NAME = "$(TARGET_NAME)";
				TARGETED_DEVICE_FAMILY = "1,2";
				TEST_HOST = "$(BUILT_PRODUCTS_DIR)/Dijkstra.app/Dijkstra";
			};
			name = Release;
		};
		04F6093624B2BD5100B4D37B /* Debug */ = {
			isa = XCBuildConfiguration;
			buildSettings = {
				CODE_SIGN_STYLE = Automatic;
				INFOPLIST_FILE = DijkstraUITests/Info.plist;
				LD_RUNPATH_SEARCH_PATHS = (
					"$(inherited)",
					"@executable_path/Frameworks",
					"@loader_path/Frameworks",
				);
				PRODUCT_BUNDLE_IDENTIFIER = LQ.DijkstraUITests;
				PRODUCT_NAME = "$(TARGET_NAME)";
				TARGETED_DEVICE_FAMILY = "1,2";
				TEST_TARGET_NAME = Dijkstra;
			};
			name = Debug;
		};
		04F6093724B2BD5100B4D37B /* Release */ = {
			isa = XCBuildConfiguration;
			buildSettings = {
				CODE_SIGN_STYLE = Automatic;
				INFOPLIST_FILE = DijkstraUITests/Info.plist;
				LD_RUNPATH_SEARCH_PATHS = (
					"$(inherited)",
					"@executable_path/Frameworks",
					"@loader_path/Frameworks",
				);
				PRODUCT_BUNDLE_IDENTIFIER = LQ.DijkstraUITests;
				PRODUCT_NAME = "$(TARGET_NAME)";
				TARGETED_DEVICE_FAMILY = "1,2";
				TEST_TARGET_NAME = Dijkstra;
			};
			name = Release;
		};
/* End XCBuildConfiguration section */

/* Begin XCConfigurationList section */
		04F608FB24B2BD4D00B4D37B /* Build configuration list for PBXProject "Dijkstra" */ = {
			isa = XCConfigurationList;
			buildConfigurations = (
				04F6092D24B2BD5100B4D37B /* Debug */,
				04F6092E24B2BD5100B4D37B /* Release */,
			);
			defaultConfigurationIsVisible = 0;
			defaultConfigurationName = Release;
		};
		04F6092F24B2BD5100B4D37B /* Build configuration list for PBXNativeTarget "Dijkstra" */ = {
			isa = XCConfigurationList;
			buildConfigurations = (
				04F6093024B2BD5100B4D37B /* Debug */,
				04F6093124B2BD5100B4D37B /* Release */,
			);
			defaultConfigurationIsVisible = 0;
			defaultConfigurationName = Release;
		};
		04F6093224B2BD5100B4D37B /* Build configuration list for PBXNativeTarget "DijkstraTests" */ = {
			isa = XCConfigurationList;
			buildConfigurations = (
				04F6093324B2BD5100B4D37B /* Debug */,
				04F6093424B2BD5100B4D37B /* Release */,
			);
			defaultConfigurationIsVisible = 0;
			defaultConfigurationName = Release;
		};
		04F6093524B2BD5100B4D37B /* Build configuration list for PBXNativeTarget "DijkstraUITests" */ = {
			isa = XCConfigurationList;
			buildConfigurations = (
				04F6093624B2BD5100B4D37B /* Debug */,
				04F6093724B2BD5100B4D37B /* Release */,
			);
			defaultConfigurationIsVisible = 0;
			defaultConfigurationName = Release;
		};
/* End XCConfigurationList section */
	};
	rootObject = 04F608F824B2BD4D00B4D37B /* Project object */;
}
